// !$*UTF8*$!
{
	archiveVersion = 1;
	classes = {
	};
	objectVersion = 46;
	objects = {

/* Begin PBXBuildFile section */
		24036F4C15A844F900644C6D /* UIKit.framework in Frameworks */ = {isa = PBXBuildFile; fileRef = 2478F07015A837DE000C0785 /* UIKit.framework */; };
		24036F4D15A844F900644C6D /* Foundation.framework in Frameworks */ = {isa = PBXBuildFile; fileRef = 24BE273215A8373F00161A59 /* Foundation.framework */; };
		24036F4E15A844F900644C6D /* CoreGraphics.framework in Frameworks */ = {isa = PBXBuildFile; fileRef = 2478F07515A839C4000C0785 /* CoreGraphics.framework */; };
		24036F5415A844F900644C6D /* InfoPlist.strings in Resources */ = {isa = PBXBuildFile; fileRef = 24036F5215A844F900644C6D /* InfoPlist.strings */; };
		24036F5615A844F900644C6D /* main.m in Sources */ = {isa = PBXBuildFile; fileRef = 24036F5515A844F900644C6D /* main.m */; };
		24036F5A15A844F900644C6D /* AppDelegate.m in Sources */ = {isa = PBXBuildFile; fileRef = 24036F5915A844F900644C6D /* AppDelegate.m */; };
		24036F5D15A844F900644C6D /* ViewController.m in Sources */ = {isa = PBXBuildFile; fileRef = 24036F5C15A844F900644C6D /* ViewController.m */; };
		24036F6015A844F900644C6D /* ViewController.xib in Resources */ = {isa = PBXBuildFile; fileRef = 24036F5E15A844F900644C6D /* ViewController.xib */; };
		24036F6E15A84CB800644C6D /* 300px-Colouring_pencils.jpg in Resources */ = {isa = PBXBuildFile; fileRef = 24036F6D15A84CB800644C6D /* 300px-Colouring_pencils.jpg */; };
		2437B75615B97ED900750117 /* Foundation.framework in Frameworks */ = {isa = PBXBuildFile; fileRef = 24BE273215A8373F00161A59 /* Foundation.framework */; };
		2437B76115B97F0500750117 /* DCTImageSizing.h in CopyFiles */ = {isa = PBXBuildFile; fileRef = 24BE273715A8373F00161A59 /* DCTImageSizing.h */; };
		2437B76215B97F0B00750117 /* DCTImageSizing.m in Sources */ = {isa = PBXBuildFile; fileRef = 24BE273915A8373F00161A59 /* DCTImageSizing.m */; };
		2437B76315B97F0E00750117 /* DCTContentSizer.m in Sources */ = {isa = PBXBuildFile; fileRef = 2478F06715A83776000C0785 /* DCTContentSizer.m */; };
		2437B76415B97F1900750117 /* UIKit.framework in Frameworks */ = {isa = PBXBuildFile; fileRef = 2478F07015A837DE000C0785 /* UIKit.framework */; };
		2478F06D15A8378E000C0785 /* DCTContentSizerTests.m in Sources */ = {isa = PBXBuildFile; fileRef = 2478F06C15A8378E000C0785 /* DCTContentSizerTests.m */; };
		2478F07215A837ED000C0785 /* UIKit.framework in Frameworks */ = {isa = PBXBuildFile; fileRef = 2478F07015A837DE000C0785 /* UIKit.framework */; };
		2478F07815A84058000C0785 /* CoreGraphics.framework in Frameworks */ = {isa = PBXBuildFile; fileRef = 2478F07515A839C4000C0785 /* CoreGraphics.framework */; };
		24BE274215A8373F00161A59 /* SenTestingKit.framework in Frameworks */ = {isa = PBXBuildFile; fileRef = 24BE274115A8373F00161A59 /* SenTestingKit.framework */; };
		24BE274515A8373F00161A59 /* Foundation.framework in Frameworks */ = {isa = PBXBuildFile; fileRef = 24BE273215A8373F00161A59 /* Foundation.framework */; };
		24BE274E15A8373F00161A59 /* InfoPlist.strings in Resources */ = {isa = PBXBuildFile; fileRef = 24BE274C15A8373F00161A59 /* InfoPlist.strings */; };
/* End PBXBuildFile section */

/* Begin PBXCopyFilesBuildPhase section */
		2437B75315B97ED900750117 /* CopyFiles */ = {
			isa = PBXCopyFilesBuildPhase;
			buildActionMask = 2147483647;
			dstPath = "include/${PRODUCT_NAME}";
			dstSubfolderSpec = 16;
			files = (
				2437B76115B97F0500750117 /* DCTImageSizing.h in CopyFiles */,
			);
			runOnlyForDeploymentPostprocessing = 0;
		};
/* End PBXCopyFilesBuildPhase section */

/* Begin PBXFileReference section */
		24036F4A15A844F900644C6D /* DCTImageSizingDemo.app */ = {isa = PBXFileReference; explicitFileType = wrapper.application; includeInIndex = 0; path = DCTImageSizingDemo.app; sourceTree = BUILT_PRODUCTS_DIR; };
		24036F5115A844F900644C6D /* DCTImageSizingDemo-Info.plist */ = {isa = PBXFileReference; lastKnownFileType = text.plist.xml; path = "DCTImageSizingDemo-Info.plist"; sourceTree = "<group>"; };
		24036F5315A844F900644C6D /* en */ = {isa = PBXFileReference; lastKnownFileType = text.plist.strings; name = en; path = en.lproj/InfoPlist.strings; sourceTree = "<group>"; };
		24036F5515A844F900644C6D /* main.m */ = {isa = PBXFileReference; lastKnownFileType = sourcecode.c.objc; path = main.m; sourceTree = "<group>"; };
		24036F5715A844F900644C6D /* DCTImageSizingDemo-Prefix.pch */ = {isa = PBXFileReference; lastKnownFileType = sourcecode.c.h; path = "DCTImageSizingDemo-Prefix.pch"; sourceTree = "<group>"; };
		24036F5815A844F900644C6D /* AppDelegate.h */ = {isa = PBXFileReference; lastKnownFileType = sourcecode.c.h; path = AppDelegate.h; sourceTree = "<group>"; };
		24036F5915A844F900644C6D /* AppDelegate.m */ = {isa = PBXFileReference; lastKnownFileType = sourcecode.c.objc; path = AppDelegate.m; sourceTree = "<group>"; };
		24036F5B15A844F900644C6D /* ViewController.h */ = {isa = PBXFileReference; lastKnownFileType = sourcecode.c.h; path = ViewController.h; sourceTree = "<group>"; };
		24036F5C15A844F900644C6D /* ViewController.m */ = {isa = PBXFileReference; lastKnownFileType = sourcecode.c.objc; path = ViewController.m; sourceTree = "<group>"; };
		24036F5F15A844F900644C6D /* en */ = {isa = PBXFileReference; lastKnownFileType = file.xib; name = en; path = en.lproj/ViewController.xib; sourceTree = "<group>"; };
		24036F6D15A84CB800644C6D /* 300px-Colouring_pencils.jpg */ = {isa = PBXFileReference; lastKnownFileType = image.jpeg; path = "300px-Colouring_pencils.jpg"; sourceTree = "<group>"; };
		2437B75515B97ED900750117 /* libDCTImageSizing.a */ = {isa = PBXFileReference; explicitFileType = archive.ar; includeInIndex = 0; path = libDCTImageSizing.a; sourceTree = BUILT_PRODUCTS_DIR; };
		2478F06615A83776000C0785 /* DCTContentSizer.h */ = {isa = PBXFileReference; fileEncoding = 4; lastKnownFileType = sourcecode.c.h; path = DCTContentSizer.h; sourceTree = "<group>"; };
		2478F06715A83776000C0785 /* DCTContentSizer.m */ = {isa = PBXFileReference; fileEncoding = 4; lastKnownFileType = sourcecode.c.objc; path = DCTContentSizer.m; sourceTree = "<group>"; };
		2478F06B15A8378E000C0785 /* DCTContentSizerTests.h */ = {isa = PBXFileReference; fileEncoding = 4; lastKnownFileType = sourcecode.c.h; path = DCTContentSizerTests.h; sourceTree = "<group>"; };
		2478F06C15A8378E000C0785 /* DCTContentSizerTests.m */ = {isa = PBXFileReference; fileEncoding = 4; lastKnownFileType = sourcecode.c.objc; path = DCTContentSizerTests.m; sourceTree = "<group>"; };
		2478F07015A837DE000C0785 /* UIKit.framework */ = {isa = PBXFileReference; lastKnownFileType = wrapper.framework; name = UIKit.framework; path = System/Library/Frameworks/UIKit.framework; sourceTree = SDKROOT; };
		2478F07515A839C4000C0785 /* CoreGraphics.framework */ = {isa = PBXFileReference; lastKnownFileType = wrapper.framework; name = CoreGraphics.framework; path = System/Library/Frameworks/CoreGraphics.framework; sourceTree = SDKROOT; };
		24BE273215A8373F00161A59 /* Foundation.framework */ = {isa = PBXFileReference; lastKnownFileType = wrapper.framework; name = Foundation.framework; path = System/Library/Frameworks/Foundation.framework; sourceTree = SDKROOT; };
		24BE273615A8373F00161A59 /* DCTImageSizing-Prefix.pch */ = {isa = PBXFileReference; lastKnownFileType = sourcecode.c.h; path = "DCTImageSizing-Prefix.pch"; sourceTree = "<group>"; };
		24BE273715A8373F00161A59 /* DCTImageSizing.h */ = {isa = PBXFileReference; lastKnownFileType = sourcecode.c.h; path = DCTImageSizing.h; sourceTree = "<group>"; };
		24BE273915A8373F00161A59 /* DCTImageSizing.m */ = {isa = PBXFileReference; lastKnownFileType = sourcecode.c.objc; path = DCTImageSizing.m; sourceTree = "<group>"; };
		24BE274015A8373F00161A59 /* DCTImageSizingTests.octest */ = {isa = PBXFileReference; explicitFileType = wrapper.cfbundle; includeInIndex = 0; path = DCTImageSizingTests.octest; sourceTree = BUILT_PRODUCTS_DIR; };
		24BE274115A8373F00161A59 /* SenTestingKit.framework */ = {isa = PBXFileReference; lastKnownFileType = wrapper.framework; name = SenTestingKit.framework; path = Library/Frameworks/SenTestingKit.framework; sourceTree = DEVELOPER_DIR; };
		24BE274B15A8373F00161A59 /* DCTImageSizingTests-Info.plist */ = {isa = PBXFileReference; lastKnownFileType = text.plist.xml; path = "DCTImageSizingTests-Info.plist"; sourceTree = "<group>"; };
		24BE274D15A8373F00161A59 /* en */ = {isa = PBXFileReference; lastKnownFileType = text.plist.strings; name = en; path = en.lproj/InfoPlist.strings; sourceTree = "<group>"; };
/* End PBXFileReference section */

/* Begin PBXFrameworksBuildPhase section */
		24036F4715A844F900644C6D /* Frameworks */ = {
			isa = PBXFrameworksBuildPhase;
			buildActionMask = 2147483647;
			files = (
				24036F4C15A844F900644C6D /* UIKit.framework in Frameworks */,
				24036F4D15A844F900644C6D /* Foundation.framework in Frameworks */,
				24036F4E15A844F900644C6D /* CoreGraphics.framework in Frameworks */,
			);
			runOnlyForDeploymentPostprocessing = 0;
		};
		2437B75215B97ED900750117 /* Frameworks */ = {
			isa = PBXFrameworksBuildPhase;
			buildActionMask = 2147483647;
			files = (
				2437B76415B97F1900750117 /* UIKit.framework in Frameworks */,
				2437B75615B97ED900750117 /* Foundation.framework in Frameworks */,
			);
			runOnlyForDeploymentPostprocessing = 0;
		};
		24BE273C15A8373F00161A59 /* Frameworks */ = {
			isa = PBXFrameworksBuildPhase;
			buildActionMask = 2147483647;
			files = (
				2478F07815A84058000C0785 /* CoreGraphics.framework in Frameworks */,
				2478F07215A837ED000C0785 /* UIKit.framework in Frameworks */,
				24BE274215A8373F00161A59 /* SenTestingKit.framework in Frameworks */,
				24BE274515A8373F00161A59 /* Foundation.framework in Frameworks */,
			);
			runOnlyForDeploymentPostprocessing = 0;
		};
/* End PBXFrameworksBuildPhase section */

/* Begin PBXGroup section */
		24036F4F15A844F900644C6D /* DCTImageSizingDemo */ = {
			isa = PBXGroup;
			children = (
				24036F5815A844F900644C6D /* AppDelegate.h */,
				24036F5915A844F900644C6D /* AppDelegate.m */,
				24036F5B15A844F900644C6D /* ViewController.h */,
				24036F5C15A844F900644C6D /* ViewController.m */,
				24036F5E15A844F900644C6D /* ViewController.xib */,
				24036F6D15A84CB800644C6D /* 300px-Colouring_pencils.jpg */,
				24036F5015A844F900644C6D /* Supporting Files */,
			);
			path = DCTImageSizingDemo;
			sourceTree = "<group>";
		};
		24036F5015A844F900644C6D /* Supporting Files */ = {
			isa = PBXGroup;
			children = (
				24036F5115A844F900644C6D /* DCTImageSizingDemo-Info.plist */,
				24036F5215A844F900644C6D /* InfoPlist.strings */,
				24036F5515A844F900644C6D /* main.m */,
				24036F5715A844F900644C6D /* DCTImageSizingDemo-Prefix.pch */,
			);
			name = "Supporting Files";
			sourceTree = "<group>";
		};
		24BE272415A8373F00161A59 = {
			isa = PBXGroup;
			children = (
				24BE273415A8373F00161A59 /* DCTImageSizing */,
				24BE274915A8373F00161A59 /* DCTImageSizingTests */,
				24036F4F15A844F900644C6D /* DCTImageSizingDemo */,
				24BE273115A8373F00161A59 /* Frameworks */,
				24BE273015A8373F00161A59 /* Products */,
			);
			sourceTree = "<group>";
		};
		24BE273015A8373F00161A59 /* Products */ = {
			isa = PBXGroup;
			children = (
				24BE274015A8373F00161A59 /* DCTImageSizingTests.octest */,
				24036F4A15A844F900644C6D /* DCTImageSizingDemo.app */,
				2437B75515B97ED900750117 /* libDCTImageSizing.a */,
			);
			name = Products;
			sourceTree = "<group>";
		};
		24BE273115A8373F00161A59 /* Frameworks */ = {
			isa = PBXGroup;
			children = (
				2478F07515A839C4000C0785 /* CoreGraphics.framework */,
				2478F07015A837DE000C0785 /* UIKit.framework */,
				24BE273215A8373F00161A59 /* Foundation.framework */,
				24BE274115A8373F00161A59 /* SenTestingKit.framework */,
			);
			name = Frameworks;
			sourceTree = "<group>";
		};
		24BE273415A8373F00161A59 /* DCTImageSizing */ = {
			isa = PBXGroup;
			children = (
				24BE273715A8373F00161A59 /* DCTImageSizing.h */,
				24BE273915A8373F00161A59 /* DCTImageSizing.m */,
				2478F06615A83776000C0785 /* DCTContentSizer.h */,
				2478F06715A83776000C0785 /* DCTContentSizer.m */,
				24BE273515A8373F00161A59 /* Supporting Files */,
			);
			path = DCTImageSizing;
			sourceTree = "<group>";
		};
		24BE273515A8373F00161A59 /* Supporting Files */ = {
			isa = PBXGroup;
			children = (
				24BE273615A8373F00161A59 /* DCTImageSizing-Prefix.pch */,
			);
			name = "Supporting Files";
			sourceTree = "<group>";
		};
		24BE274915A8373F00161A59 /* DCTImageSizingTests */ = {
			isa = PBXGroup;
			children = (
				2478F06B15A8378E000C0785 /* DCTContentSizerTests.h */,
				2478F06C15A8378E000C0785 /* DCTContentSizerTests.m */,
				24BE274A15A8373F00161A59 /* Supporting Files */,
			);
			path = DCTImageSizingTests;
			sourceTree = "<group>";
		};
		24BE274A15A8373F00161A59 /* Supporting Files */ = {
			isa = PBXGroup;
			children = (
				24BE274B15A8373F00161A59 /* DCTImageSizingTests-Info.plist */,
				24BE274C15A8373F00161A59 /* InfoPlist.strings */,
			);
			name = "Supporting Files";
			sourceTree = "<group>";
		};
/* End PBXGroup section */

/* Begin PBXNativeTarget section */
		24036F4915A844F900644C6D /* DCTImageSizingDemo */ = {
			isa = PBXNativeTarget;
			buildConfigurationList = 24036F6315A844F900644C6D /* Build configuration list for PBXNativeTarget "DCTImageSizingDemo" */;
			buildPhases = (
				24036F4615A844F900644C6D /* Sources */,
				24036F4715A844F900644C6D /* Frameworks */,
				24036F4815A844F900644C6D /* Resources */,
			);
			buildRules = (
			);
			dependencies = (
			);
			name = DCTImageSizingDemo;
			productName = DCTImageSizingDemo;
			productReference = 24036F4A15A844F900644C6D /* DCTImageSizingDemo.app */;
			productType = "com.apple.product-type.application";
		};
		2437B75415B97ED900750117 /* DCTImageSizing */ = {
			isa = PBXNativeTarget;
			buildConfigurationList = 2437B75E15B97ED900750117 /* Build configuration list for PBXNativeTarget "DCTImageSizing" */;
			buildPhases = (
				2437B75115B97ED900750117 /* Sources */,
				2437B75215B97ED900750117 /* Frameworks */,
				2437B75315B97ED900750117 /* CopyFiles */,
			);
			buildRules = (
			);
			dependencies = (
			);
			name = DCTImageSizing;
			productName = DCTImageSizing;
			productReference = 2437B75515B97ED900750117 /* libDCTImageSizing.a */;
			productType = "com.apple.product-type.library.static";
		};
		24BE273F15A8373F00161A59 /* DCTImageSizingTests */ = {
			isa = PBXNativeTarget;
			buildConfigurationList = 24BE275715A8373F00161A59 /* Build configuration list for PBXNativeTarget "DCTImageSizingTests" */;
			buildPhases = (
				24BE273B15A8373F00161A59 /* Sources */,
				24BE273C15A8373F00161A59 /* Frameworks */,
				24BE273D15A8373F00161A59 /* Resources */,
				24BE273E15A8373F00161A59 /* ShellScript */,
			);
			buildRules = (
			);
			dependencies = (
			);
			name = DCTImageSizingTests;
			productName = DCTImageSizingTests;
			productReference = 24BE274015A8373F00161A59 /* DCTImageSizingTests.octest */;
			productType = "com.apple.product-type.bundle";
		};
/* End PBXNativeTarget section */

/* Begin PBXProject section */
		24BE272615A8373F00161A59 /* Project object */ = {
			isa = PBXProject;
			attributes = {
				LastUpgradeCheck = 0500;
				ORGANIZATIONNAME = "Daniel Tull";
			};
			buildConfigurationList = 24BE272915A8373F00161A59 /* Build configuration list for PBXProject "DCTImageSizing" */;
			compatibilityVersion = "Xcode 3.2";
			developmentRegion = English;
			hasScannedForEncodings = 0;
			knownRegions = (
				en,
			);
			mainGroup = 24BE272415A8373F00161A59;
			productRefGroup = 24BE273015A8373F00161A59 /* Products */;
			projectDirPath = "";
			projectRoot = "";
			targets = (
				2437B75415B97ED900750117 /* DCTImageSizing */,
				24BE273F15A8373F00161A59 /* DCTImageSizingTests */,
				24036F4915A844F900644C6D /* DCTImageSizingDemo */,
			);
		};
/* End PBXProject section */

/* Begin PBXResourcesBuildPhase section */
		24036F4815A844F900644C6D /* Resources */ = {
			isa = PBXResourcesBuildPhase;
			buildActionMask = 2147483647;
			files = (
				24036F5415A844F900644C6D /* InfoPlist.strings in Resources */,
				24036F6015A844F900644C6D /* ViewController.xib in Resources */,
				24036F6E15A84CB800644C6D /* 300px-Colouring_pencils.jpg in Resources */,
			);
			runOnlyForDeploymentPostprocessing = 0;
		};
		24BE273D15A8373F00161A59 /* Resources */ = {
			isa = PBXResourcesBuildPhase;
			buildActionMask = 2147483647;
			files = (
				24BE274E15A8373F00161A59 /* InfoPlist.strings in Resources */,
			);
			runOnlyForDeploymentPostprocessing = 0;
		};
/* End PBXResourcesBuildPhase section */

/* Begin PBXShellScriptBuildPhase section */
		24BE273E15A8373F00161A59 /* ShellScript */ = {
			isa = PBXShellScriptBuildPhase;
			buildActionMask = 2147483647;
			files = (
			);
			inputPaths = (
			);
			outputPaths = (
			);
			runOnlyForDeploymentPostprocessing = 0;
			shellPath = /bin/sh;
			shellScript = "# Run the unit tests in this test bundle.\n\"${SYSTEM_DEVELOPER_DIR}/Tools/RunUnitTests\"\n";
		};
/* End PBXShellScriptBuildPhase section */

/* Begin PBXSourcesBuildPhase section */
		24036F4615A844F900644C6D /* Sources */ = {
			isa = PBXSourcesBuildPhase;
			buildActionMask = 2147483647;
			files = (
				24036F5615A844F900644C6D /* main.m in Sources */,
				24036F5A15A844F900644C6D /* AppDelegate.m in Sources */,
				24036F5D15A844F900644C6D /* ViewController.m in Sources */,
			);
			runOnlyForDeploymentPostprocessing = 0;
		};
		2437B75115B97ED900750117 /* Sources */ = {
			isa = PBXSourcesBuildPhase;
			buildActionMask = 2147483647;
			files = (
				2437B76215B97F0B00750117 /* DCTImageSizing.m in Sources */,
				2437B76315B97F0E00750117 /* DCTContentSizer.m in Sources */,
			);
			runOnlyForDeploymentPostprocessing = 0;
		};
		24BE273B15A8373F00161A59 /* Sources */ = {
			isa = PBXSourcesBuildPhase;
			buildActionMask = 2147483647;
			files = (
				2478F06D15A8378E000C0785 /* DCTContentSizerTests.m in Sources */,
			);
			runOnlyForDeploymentPostprocessing = 0;
		};
/* End PBXSourcesBuildPhase section */

/* Begin PBXVariantGroup section */
		24036F5215A844F900644C6D /* InfoPlist.strings */ = {
			isa = PBXVariantGroup;
			children = (
				24036F5315A844F900644C6D /* en */,
			);
			name = InfoPlist.strings;
			sourceTree = "<group>";
		};
		24036F5E15A844F900644C6D /* ViewController.xib */ = {
			isa = PBXVariantGroup;
			children = (
				24036F5F15A844F900644C6D /* en */,
			);
			name = ViewController.xib;
			sourceTree = "<group>";
		};
		24BE274C15A8373F00161A59 /* InfoPlist.strings */ = {
			isa = PBXVariantGroup;
			children = (
				24BE274D15A8373F00161A59 /* en */,
			);
			name = InfoPlist.strings;
			sourceTree = "<group>";
		};
/* End PBXVariantGroup section */

/* Begin XCBuildConfiguration section */
		24036F6115A844F900644C6D /* Debug */ = {
			isa = XCBuildConfiguration;
			buildSettings = {
				"CODE_SIGN_IDENTITY[sdk=iphoneos*]" = "iPhone Developer";
				GCC_PRECOMPILE_PREFIX_HEADER = YES;
				GCC_PREFIX_HEADER = "DCTImageSizingDemo/DCTImageSizingDemo-Prefix.pch";
				INFOPLIST_FILE = "DCTImageSizingDemo/DCTImageSizingDemo-Info.plist";
				IPHONEOS_DEPLOYMENT_TARGET = 5.0;
				OTHER_LDFLAGS = (
					"-all_load",
					"-ObjC",
				);
				PRODUCT_NAME = "$(TARGET_NAME)";
				WRAPPER_EXTENSION = app;
			};
			name = Debug;
		};
		24036F6215A844F900644C6D /* Release */ = {
			isa = XCBuildConfiguration;
			buildSettings = {
				"CODE_SIGN_IDENTITY[sdk=iphoneos*]" = "iPhone Developer";
				GCC_PRECOMPILE_PREFIX_HEADER = YES;
				GCC_PREFIX_HEADER = "DCTImageSizingDemo/DCTImageSizingDemo-Prefix.pch";
				INFOPLIST_FILE = "DCTImageSizingDemo/DCTImageSizingDemo-Info.plist";
				IPHONEOS_DEPLOYMENT_TARGET = 5.0;
				OTHER_CFLAGS = "-DNS_BLOCK_ASSERTIONS=1";
				OTHER_LDFLAGS = (
					"-all_load",
					"-ObjC",
				);
				PRODUCT_NAME = "$(TARGET_NAME)";
				WRAPPER_EXTENSION = app;
			};
			name = Release;
		};
		2437B75F15B97ED900750117 /* Debug */ = {
			isa = XCBuildConfiguration;
			buildSettings = {
				CLANG_CXX_LIBRARY = "libc++";
				DSTROOT = /tmp/DCTImageSizing.dst;
				GCC_PRECOMPILE_PREFIX_HEADER = YES;
				GCC_PREFIX_HEADER = "DCTImageSizing/DCTImageSizing-Prefix.pch";
				IPHONEOS_DEPLOYMENT_TARGET = 5.0;
				OTHER_LDFLAGS = "-ObjC";
				PRODUCT_NAME = "$(TARGET_NAME)";
				SKIP_INSTALL = YES;
			};
			name = Debug;
		};
		2437B76015B97ED900750117 /* Release */ = {
			isa = XCBuildConfiguration;
			buildSettings = {
				CLANG_CXX_LIBRARY = "libc++";
				DSTROOT = /tmp/DCTImageSizing.dst;
				GCC_PRECOMPILE_PREFIX_HEADER = YES;
				GCC_PREFIX_HEADER = "DCTImageSizing/DCTImageSizing-Prefix.pch";
				IPHONEOS_DEPLOYMENT_TARGET = 5.0;
				OTHER_LDFLAGS = "-ObjC";
				PRODUCT_NAME = "$(TARGET_NAME)";
				SKIP_INSTALL = YES;
			};
			name = Release;
		};
		24BE275215A8373F00161A59 /* Debug */ = {
			isa = XCBuildConfiguration;
			buildSettings = {
				ALWAYS_SEARCH_USER_PATHS = NO;
				CLANG_CXX_LANGUAGE_STANDARD = "gnu++0x";
				CLANG_ENABLE_OBJC_ARC = YES;
				CLANG_WARN__DUPLICATE_METHOD_MATCH = YES;
				COPY_PHASE_STRIP = NO;
				GCC_C_LANGUAGE_STANDARD = gnu99;
				GCC_DYNAMIC_NO_PIC = NO;
				GCC_OPTIMIZATION_LEVEL = 0;
				GCC_PREPROCESSOR_DEFINITIONS = (
					"DEBUG=1",
					"$(inherited)",
				);
				GCC_SYMBOLS_PRIVATE_EXTERN = NO;
				GCC_WARN_ABOUT_RETURN_TYPE = YES;
				GCC_WARN_UNINITIALIZED_AUTOS = YES;
				GCC_WARN_UNUSED_VARIABLE = YES;
				IPHONEOS_DEPLOYMENT_TARGET = 6.0;
				ONLY_ACTIVE_ARCH = YES;
				SDKROOT = iphoneos;
			};
			name = Debug;
		};
		24BE275315A8373F00161A59 /* Release */ = {
			isa = XCBuildConfiguration;
			buildSettings = {
				ALWAYS_SEARCH_USER_PATHS = NO;
				CLANG_CXX_LANGUAGE_STANDARD = "gnu++0x";
				CLANG_ENABLE_OBJC_ARC = YES;
				CLANG_WARN__DUPLICATE_METHOD_MATCH = YES;
				COPY_PHASE_STRIP = YES;
				GCC_C_LANGUAGE_STANDARD = gnu99;
				GCC_WARN_ABOUT_RETURN_TYPE = YES;
				GCC_WARN_UNINITIALIZED_AUTOS = YES;
				GCC_WARN_UNUSED_VARIABLE = YES;
				IPHONEOS_DEPLOYMENT_TARGET = 6.0;
				SDKROOT = iphoneos;
				VALIDATE_PRODUCT = YES;
			};
			name = Release;
		};
		24BE275815A8373F00161A59 /* Debug */ = {
			isa = XCBuildConfiguration;
			buildSettings = {
				FRAMEWORK_SEARCH_PATHS = (
					"\"$(SDKROOT)/Developer/Library/Frameworks\"",
					"\"$(DEVELOPER_LIBRARY_DIR)/Frameworks\"",
				);
				GCC_PRECOMPILE_PREFIX_HEADER = YES;
				GCC_PREFIX_HEADER = "DCTImageSizing/DCTImageSizing-Prefix.pch";
				INFOPLIST_FILE = "DCTImageSizingTests/DCTImageSizingTests-Info.plist";
				PRODUCT_NAME = "$(TARGET_NAME)";
				WRAPPER_EXTENSION = octest;
			};
			name = Debug;
		};
		24BE275915A8373F00161A59 /* Release */ = {
			isa = XCBuildConfiguration;
			buildSettings = {
				FRAMEWORK_SEARCH_PATHS = (
					"\"$(SDKROOT)/Developer/Library/Frameworks\"",
					"\"$(DEVELOPER_LIBRARY_DIR)/Frameworks\"",
				);
				GCC_PRECOMPILE_PREFIX_HEADER = YES;
				GCC_PREFIX_HEADER = "DCTImageSizing/DCTImageSizing-Prefix.pch";
				INFOPLIST_FILE = "DCTImageSizingTests/DCTImageSizingTests-Info.plist";
				PRODUCT_NAME = "$(TARGET_NAME)";
				WRAPPER_EXTENSION = octest;
			};
			name = Release;
		};
/* End XCBuildConfiguration section */

/* Begin XCConfigurationList section */
		24036F6315A844F900644C6D /* Build configuration list for PBXNativeTarget "DCTImageSizingDemo" */ = {
			isa = XCConfigurationList;
			buildConfigurations = (
				24036F6115A844F900644C6D /* Debug */,
				24036F6215A844F900644C6D /* Release */,
			);
			defaultConfigurationIsVisible = 0;
			defaultConfigurationName = Release;
		};
		2437B75E15B97ED900750117 /* Build configuration list for PBXNativeTarget "DCTImageSizing" */ = {
			isa = XCConfigurationList;
			buildConfigurations = (
				2437B75F15B97ED900750117 /* Debug */,
				2437B76015B97ED900750117 /* Release */,
			);
			defaultConfigurationIsVisible = 0;
			defaultConfigurationName = Release;
		};
		24BE272915A8373F00161A59 /* Build configuration list for PBXProject "DCTImageSizing" */ = {
			isa = XCConfigurationList;
			buildConfigurations = (
				24BE275215A8373F00161A59 /* Debug */,
				24BE275315A8373F00161A59 /* Release */,
			);
			defaultConfigurationIsVisible = 0;
			defaultConfigurationName = Release;
		};
		24BE275715A8373F00161A59 /* Build configuration list for PBXNativeTarget "DCTImageSizingTests" */ = {
			isa = XCConfigurationList;
			buildConfigurations = (
				24BE275815A8373F00161A59 /* Debug */,
				24BE275915A8373F00161A59 /* Release */,
			);
			defaultConfigurationIsVisible = 0;
			defaultConfigurationName = Release;
		};
/* End XCConfigurationList section */
	};
	rootObject = 24BE272615A8373F00161A59 /* Project object */;
}
